
Microsoft Visual Studio Solution File, Format Version 12.00
# Visual Studio Version 17
VisualStudioVersion = 17.8.34322.80
MinimumVisualStudioVersion = 10.0.40219.1
Project("{D2ABAB84-BF74-430A-B69E-9DC6D40DDA17}") = "IS217_final_SSAS", "IS217_final_SSAS.dwproj", "{A8B9D1A2-6882-40DF-806F-3857BD8B1EBC}"
EndProject
Global
	GlobalSection(SolutionConfigurationPlatforms) = preSolution
		Development|Default = Development|Default
	EndGlobalSection
	GlobalSection(ProjectConfigurationPlatforms) = postSolution
		{A8B9D1A2-6882-40DF-806F-3857BD8B1EBC}.Development|Default.ActiveCfg = Development
		{A8B9D1A2-6882-40DF-806F-3857BD8B1EBC}.Development|Default.Build.0 = Development
		{A8B9D1A2-6882-40DF-806F-3857BD8B1EBC}.Development|Default.Deploy.0 = Development
	EndGlobalSection
	GlobalSection(SolutionProperties) = preSolution
		HideSolutionNode = FALSE
	EndGlobalSection
	GlobalSection(ExtensibilityGlobals) = postSolution
		SolutionGuid = {3F9D48DA-DDEF-4BBD-85FD-327249638292}
	EndGlobalSection
EndGlobal
